{
  "name": "notfree-depend",
  "version": "1.0.0",
  "lockfileVersion": 3,
  "requires": true,
  "packages": {
    "": {
      "name": "notfree-depend",
      "version": "1.0.0",
      "license": "ISC",
      "dependencies": {
        "lodash": "^4.17.21",
        "ms": "file:c6f82b87-5a72-4da3-9dbf-8c6e477f81afms-5.0.0.tar.gz"
      }
    },
    "node_modules/lodash": {
      "version": "4.17.21",
      "resolved": "https://registry.npmjs.org/lodash/-/lodash-4.17.21.tgz",
      "integrity": "sha512-v2kDEe57lecTulaDIuNTPy3Ry4gLGJ6Z1O3vE1krgXZNrsQ+LFTGHVxVjcXPs17LhbZVGedAJv8XZ1tvj5FvSg==",
      "license": "MIT"
    },
    "node_modules/ms": {
      "version": "3.0.0-canary.1",
      "resolved": "file:c6f82b87-5a72-4da3-9dbf-8c6e477f81afms-5.0.0.tar.gz",
      "integrity": "sha512-VG9QvK7pgMD0Fuj42n7t5xi9CU2r0vaBHIHQOvw2u42Ypk5lCU9vKV4zAbLLxNCO8088kZ1NwuwAeY5vLLFqkA==",
      "license": "MIT",
      "engines": {
        "node": ">=12.13"
      }
    }
  }
}
